
Microsoft Visual Studio Solution File, Format Version 12.00
# Visual Studio 15
VisualStudioVersion = 15.0.26730.12
MinimumVisualStudioVersion = 10.0.40219.1
Project("{FAE04EC0-301F-11D3-BF4B-00C04F79EFBC}") = "Boerman.Aeronautics.FlightAnalysis", "Boerman.Aeronautics.FlightAnalysis\Boerman.Aeronautics.FlightAnalysis.csproj", "{3E1D3FB9-8BCB-4047-B630-0EF0216C5402}"
EndProject
Project("{FAE04EC0-301F-11D3-BF4B-00C04F79EFBC}") = "Boerman.Aeronautics.FlightAnalyis.Tests", "Boerman.Aeronautics.FlightAnalyis.Tests\Boerman.Aeronautics.FlightAnalyis.Tests.csproj", "{73048156-F1D7-4B69-9322-7EFF87553052}"
EndProject
Global
	GlobalSection(SolutionConfigurationPlatforms) = preSolution
		Debug|Any CPU = Debug|Any CPU
		Release|Any CPU = Release|Any CPU
	EndGlobalSection
	GlobalSection(ProjectConfigurationPlatforms) = postSolution
		{3E1D3FB9-8BCB-4047-B630-0EF0216C5402}.Debug|Any CPU.ActiveCfg = Debug|Any CPU
		{3E1D3FB9-8BCB-4047-B630-0EF0216C5402}.Debug|Any CPU.Build.0 = Debug|Any CPU
		{3E1D3FB9-8BCB-4047-B630-0EF0216C5402}.Release|Any CPU.ActiveCfg = Release|Any CPU
		{3E1D3FB9-8BCB-4047-B630-0EF0216C5402}.Release|Any CPU.Build.0 = Release|Any CPU
		{73048156-F1D7-4B69-9322-7EFF87553052}.Debug|Any CPU.ActiveCfg = Debug|Any CPU
		{73048156-F1D7-4B69-9322-7EFF87553052}.Debug|Any CPU.Build.0 = Debug|Any CPU
		{73048156-F1D7-4B69-9322-7EFF87553052}.Release|Any CPU.ActiveCfg = Release|Any CPU
		{73048156-F1D7-4B69-9322-7EFF87553052}.Release|Any CPU.Build.0 = Release|Any CPU
	EndGlobalSection
	GlobalSection(SolutionProperties) = preSolution
		HideSolutionNode = FALSE
	EndGlobalSection
	GlobalSection(ExtensibilityGlobals) = postSolution
		SolutionGuid = {54431E6C-2C97-4337-9CF0-E3035E9D90F7}
	EndGlobalSection
EndGlobal
