
Microsoft Visual Studio Solution File, Format Version 12.00
# Visual Studio Version 16
VisualStudioVersion = 16.0.31321.278
MinimumVisualStudioVersion = 10.0.40219.1
Project("{2150E333-8FDC-42A3-9474-1A3956D46DE8}") = "root", "root", "{06565734-2FA1-43A4-9D66-4D1E67316212}"
	ProjectSection(SolutionItems) = preProject
		.editorconfig = .editorconfig
		.gitignore = .gitignore
		Directory.Build.props = Directory.Build.props
		Directory.Build.targets = Directory.Build.targets
		GitVersion.yml = GitVersion.yml
		global.json = global.json
		LICENSE = LICENSE
		NuGet.Config = NuGet.Config
	EndProjectSection
EndProject
Project("{2150E333-8FDC-42A3-9474-1A3956D46DE8}") = "apps", "apps", "{A68E3389-5A5B-4E7F-8CB9-5D4DD81746DE}"
	ProjectSection(SolutionItems) = preProject
		apps\Directory.Build.props = apps\Directory.Build.props
		apps\Directory.Build.targets = apps\Directory.Build.targets
	EndProjectSection
EndProject
Project("{2150E333-8FDC-42A3-9474-1A3956D46DE8}") = "libs", "libs", "{31678569-E525-498D-BB4C-EEBE4B9CD6AF}"
	ProjectSection(SolutionItems) = preProject
		libs\Directory.Build.props = libs\Directory.Build.props
		libs\Directory.Build.targets = libs\Directory.Build.targets
	EndProjectSection
EndProject
Project("{2150E333-8FDC-42A3-9474-1A3956D46DE8}") = "tests", "tests", "{8403D396-D506-4B1F-99CE-0C07E8861975}"
	ProjectSection(SolutionItems) = preProject
		tests\Directory.Build.props = tests\Directory.Build.props
		tests\Directory.Build.targets = tests\Directory.Build.targets
	EndProjectSection
EndProject
Project("{2150E333-8FDC-42A3-9474-1A3956D46DE8}") = ".github", ".github", "{DCC0C915-46DC-4E3A-A5BF-95B39DA35DD6}"
EndProject
Project("{2150E333-8FDC-42A3-9474-1A3956D46DE8}") = "workflows", "workflows", "{9F5E9057-0F30-4FD0-85CC-E50D45750334}"
	ProjectSection(SolutionItems) = preProject
		.github\workflows\dotnet.yml = .github\workflows\dotnet.yml
		.github\workflows\release.yml = .github\workflows\release.yml
	EndProjectSection
EndProject
Project("{9A19103F-16F7-4668-BE54-9A1E7A4F7556}") = "BulkFlightDataProcessing", "apps\BulkFlightDataProcessing\BulkFlightDataProcessing.csproj", "{EA10C300-F2FE-44C0-8393-D5C75D9243DC}"
EndProject
Project("{9A19103F-16F7-4668-BE54-9A1E7A4F7556}") = "ConsoleApp1", "apps\ConsoleApp1\ConsoleApp1.csproj", "{DC9A4D63-FF51-42C1-AE25-E8F9DED43754}"
EndProject
Project("{9A19103F-16F7-4668-BE54-9A1E7A4F7556}") = "PersistentFlightContext", "apps\PersistentFlightContext\PersistentFlightContext.csproj", "{48E9D4C7-E8CA-4FEC-8976-52F11B1DF7BE}"
EndProject
Project("{9A19103F-16F7-4668-BE54-9A1E7A4F7556}") = "RealtimeFlightActivityMonitor", "apps\RealtimeFlightActivityMonitor\RealtimeFlightActivityMonitor.csproj", "{4EC42AFF-5FF3-4DED-998E-CDEA19870500}"
EndProject
Project("{9A19103F-16F7-4668-BE54-9A1E7A4F7556}") = "Skyhop.FlightAnalysis", "libs\Skyhop.FlightAnalysis\Skyhop.FlightAnalysis.csproj", "{0ED9E472-A61F-4A5B-AA5D-C32A20A2DCB2}"
EndProject
Project("{9A19103F-16F7-4668-BE54-9A1E7A4F7556}") = "Skyhop.FlightAnalysis.Tests", "tests\Skyhop.FlightAnalysis.Tests\Skyhop.FlightAnalysis.Tests.csproj", "{58F21BF8-514E-49FF-81AB-927A7DECB27C}"
EndProject
Global
	GlobalSection(SolutionConfigurationPlatforms) = preSolution
		Debug|Any CPU = Debug|Any CPU
		Release|Any CPU = Release|Any CPU
	EndGlobalSection
	GlobalSection(ProjectConfigurationPlatforms) = postSolution
		{EA10C300-F2FE-44C0-8393-D5C75D9243DC}.Debug|Any CPU.ActiveCfg = Debug|Any CPU
		{EA10C300-F2FE-44C0-8393-D5C75D9243DC}.Debug|Any CPU.Build.0 = Debug|Any CPU
		{EA10C300-F2FE-44C0-8393-D5C75D9243DC}.Release|Any CPU.ActiveCfg = Release|Any CPU
		{EA10C300-F2FE-44C0-8393-D5C75D9243DC}.Release|Any CPU.Build.0 = Release|Any CPU
		{DC9A4D63-FF51-42C1-AE25-E8F9DED43754}.Debug|Any CPU.ActiveCfg = Debug|Any CPU
		{DC9A4D63-FF51-42C1-AE25-E8F9DED43754}.Debug|Any CPU.Build.0 = Debug|Any CPU
		{DC9A4D63-FF51-42C1-AE25-E8F9DED43754}.Release|Any CPU.ActiveCfg = Release|Any CPU
		{DC9A4D63-FF51-42C1-AE25-E8F9DED43754}.Release|Any CPU.Build.0 = Release|Any CPU
		{48E9D4C7-E8CA-4FEC-8976-52F11B1DF7BE}.Debug|Any CPU.ActiveCfg = Debug|Any CPU
		{48E9D4C7-E8CA-4FEC-8976-52F11B1DF7BE}.Debug|Any CPU.Build.0 = Debug|Any CPU
		{48E9D4C7-E8CA-4FEC-8976-52F11B1DF7BE}.Release|Any CPU.ActiveCfg = Release|Any CPU
		{48E9D4C7-E8CA-4FEC-8976-52F11B1DF7BE}.Release|Any CPU.Build.0 = Release|Any CPU
		{4EC42AFF-5FF3-4DED-998E-CDEA19870500}.Debug|Any CPU.ActiveCfg = Debug|Any CPU
		{4EC42AFF-5FF3-4DED-998E-CDEA19870500}.Debug|Any CPU.Build.0 = Debug|Any CPU
		{4EC42AFF-5FF3-4DED-998E-CDEA19870500}.Release|Any CPU.ActiveCfg = Release|Any CPU
		{4EC42AFF-5FF3-4DED-998E-CDEA19870500}.Release|Any CPU.Build.0 = Release|Any CPU
		{0ED9E472-A61F-4A5B-AA5D-C32A20A2DCB2}.Debug|Any CPU.ActiveCfg = Debug|Any CPU
		{0ED9E472-A61F-4A5B-AA5D-C32A20A2DCB2}.Debug|Any CPU.Build.0 = Debug|Any CPU
		{0ED9E472-A61F-4A5B-AA5D-C32A20A2DCB2}.Release|Any CPU.ActiveCfg = Release|Any CPU
		{0ED9E472-A61F-4A5B-AA5D-C32A20A2DCB2}.Release|Any CPU.Build.0 = Release|Any CPU
		{58F21BF8-514E-49FF-81AB-927A7DECB27C}.Debug|Any CPU.ActiveCfg = Debug|Any CPU
		{58F21BF8-514E-49FF-81AB-927A7DECB27C}.Debug|Any CPU.Build.0 = Debug|Any CPU
		{58F21BF8-514E-49FF-81AB-927A7DECB27C}.Release|Any CPU.ActiveCfg = Release|Any CPU
		{58F21BF8-514E-49FF-81AB-927A7DECB27C}.Release|Any CPU.Build.0 = Release|Any CPU
	EndGlobalSection
	GlobalSection(SolutionProperties) = preSolution
		HideSolutionNode = FALSE
	EndGlobalSection
	GlobalSection(NestedProjects) = preSolution
		{A68E3389-5A5B-4E7F-8CB9-5D4DD81746DE} = {06565734-2FA1-43A4-9D66-4D1E67316212}
		{31678569-E525-498D-BB4C-EEBE4B9CD6AF} = {06565734-2FA1-43A4-9D66-4D1E67316212}
		{8403D396-D506-4B1F-99CE-0C07E8861975} = {06565734-2FA1-43A4-9D66-4D1E67316212}
		{DCC0C915-46DC-4E3A-A5BF-95B39DA35DD6} = {06565734-2FA1-43A4-9D66-4D1E67316212}
		{9F5E9057-0F30-4FD0-85CC-E50D45750334} = {DCC0C915-46DC-4E3A-A5BF-95B39DA35DD6}
		{EA10C300-F2FE-44C0-8393-D5C75D9243DC} = {A68E3389-5A5B-4E7F-8CB9-5D4DD81746DE}
		{DC9A4D63-FF51-42C1-AE25-E8F9DED43754} = {A68E3389-5A5B-4E7F-8CB9-5D4DD81746DE}
		{48E9D4C7-E8CA-4FEC-8976-52F11B1DF7BE} = {A68E3389-5A5B-4E7F-8CB9-5D4DD81746DE}
		{4EC42AFF-5FF3-4DED-998E-CDEA19870500} = {A68E3389-5A5B-4E7F-8CB9-5D4DD81746DE}
		{0ED9E472-A61F-4A5B-AA5D-C32A20A2DCB2} = {31678569-E525-498D-BB4C-EEBE4B9CD6AF}
		{58F21BF8-514E-49FF-81AB-927A7DECB27C} = {8403D396-D506-4B1F-99CE-0C07E8861975}
	EndGlobalSection
	GlobalSection(ExtensibilityGlobals) = postSolution
		SolutionGuid = {95AC73A0-90D9-4B52-924B-CA00614B8753}
	EndGlobalSection
EndGlobal
